// !$*UTF8*$!
{
	archiveVersion = 1;
	classes = {
	};
	objectVersion = 55;
	objects = {

/* Begin PBXBuildFile section */
		887BEFD228CFA7AE0029695E /* StructView.swift in Sources */ = {isa = PBXBuildFile; fileRef = 887BEFD128CFA7AE0029695E /* StructView.swift */; };
		887BEFD428CFC2340029695E /* SecondView.swift in Sources */ = {isa = PBXBuildFile; fileRef = 887BEFD328CFC2340029695E /* SecondView.swift */; };
		887D058728CBB53F003D170C /* Game.swift in Sources */ = {isa = PBXBuildFile; fileRef = 887D058628CBB53F003D170C /* Game.swift */; };
		888E495D28CA6F7F0005EEAF /* ProjetoAlvoApp.swift in Sources */ = {isa = PBXBuildFile; fileRef = 888E495C28CA6F7F0005EEAF /* ProjetoAlvoApp.swift */; };
		888E495F28CA6F7F0005EEAF /* ContentView.swift in Sources */ = {isa = PBXBuildFile; fileRef = 888E495E28CA6F7F0005EEAF /* ContentView.swift */; };
		888E496128CA6F7F0005EEAF /* Assets.xcassets in Resources */ = {isa = PBXBuildFile; fileRef = 888E496028CA6F7F0005EEAF /* Assets.xcassets */; };
		888E496428CA6F7F0005EEAF /* Preview Assets.xcassets in Resources */ = {isa = PBXBuildFile; fileRef = 888E496328CA6F7F0005EEAF /* Preview Assets.xcassets */; };
		888E496628CA6F7F0005EEAF /* Persistence.swift in Sources */ = {isa = PBXBuildFile; fileRef = 888E496528CA6F7F0005EEAF /* Persistence.swift */; };
		888E496928CA6F7F0005EEAF /* ProjetoAlvo.xcdatamodeld in Sources */ = {isa = PBXBuildFile; fileRef = 888E496728CA6F7F0005EEAF /* ProjetoAlvo.xcdatamodeld */; };
/* End PBXBuildFile section */

/* Begin PBXFileReference section */
		887BEFD128CFA7AE0029695E /* StructView.swift */ = {isa = PBXFileReference; lastKnownFileType = sourcecode.swift; path = StructView.swift; sourceTree = "<group>"; };
		887BEFD328CFC2340029695E /* SecondView.swift */ = {isa = PBXFileReference; lastKnownFileType = sourcecode.swift; path = SecondView.swift; sourceTree = "<group>"; };
		887D058628CBB53F003D170C /* Game.swift */ = {isa = PBXFileReference; lastKnownFileType = sourcecode.swift; path = Game.swift; sourceTree = "<group>"; };
		888E495928CA6F7F0005EEAF /* ProjetoAlvo.app */ = {isa = PBXFileReference; explicitFileType = wrapper.application; includeInIndex = 0; path = ProjetoAlvo.app; sourceTree = BUILT_PRODUCTS_DIR; };
		888E495C28CA6F7F0005EEAF /* ProjetoAlvoApp.swift */ = {isa = PBXFileReference; lastKnownFileType = sourcecode.swift; path = ProjetoAlvoApp.swift; sourceTree = "<group>"; };
		888E495E28CA6F7F0005EEAF /* ContentView.swift */ = {isa = PBXFileReference; lastKnownFileType = sourcecode.swift; path = ContentView.swift; sourceTree = "<group>"; };
		888E496028CA6F7F0005EEAF /* Assets.xcassets */ = {isa = PBXFileReference; lastKnownFileType = folder.assetcatalog; path = Assets.xcassets; sourceTree = "<group>"; };
		888E496328CA6F7F0005EEAF /* Preview Assets.xcassets */ = {isa = PBXFileReference; lastKnownFileType = folder.assetcatalog; path = "Preview Assets.xcassets"; sourceTree = "<group>"; };
		888E496528CA6F7F0005EEAF /* Persistence.swift */ = {isa = PBXFileReference; lastKnownFileType = sourcecode.swift; path = Persistence.swift; sourceTree = "<group>"; };
		888E496828CA6F7F0005EEAF /* ProjetoAlvo.xcdatamodel */ = {isa = PBXFileReference; lastKnownFileType = wrapper.xcdatamodel; path = ProjetoAlvo.xcdatamodel; sourceTree = "<group>"; };
/* End PBXFileReference section */

/* Begin PBXFrameworksBuildPhase section */
		888E495628CA6F7E0005EEAF /* Frameworks */ = {
			isa = PBXFrameworksBuildPhase;
			buildActionMask = 2147483647;
			files = (
			);
			runOnlyForDeploymentPostprocessing = 0;
		};
/* End PBXFrameworksBuildPhase section */

/* Begin PBXGroup section */
		888E495028CA6F7E0005EEAF = {
			isa = PBXGroup;
			children = (
				887BEFD328CFC2340029695E /* SecondView.swift */,
				888E495B28CA6F7F0005EEAF /* ProjetoAlvo */,
				888E495A28CA6F7F0005EEAF /* Products */,
			);
			sourceTree = "<group>";
		};
		888E495A28CA6F7F0005EEAF /* Products */ = {
			isa = PBXGroup;
			children = (
				888E495928CA6F7F0005EEAF /* ProjetoAlvo.app */,
			);
			name = Products;
			sourceTree = "<group>";
		};
		888E495B28CA6F7F0005EEAF /* ProjetoAlvo */ = {
			isa = PBXGroup;
			children = (
				888E495C28CA6F7F0005EEAF /* ProjetoAlvoApp.swift */,
				888E495E28CA6F7F0005EEAF /* ContentView.swift */,
				888E496028CA6F7F0005EEAF /* Assets.xcassets */,
				888E496528CA6F7F0005EEAF /* Persistence.swift */,
				888E496728CA6F7F0005EEAF /* ProjetoAlvo.xcdatamodeld */,
				888E496228CA6F7F0005EEAF /* Preview Content */,
				887D058628CBB53F003D170C /* Game.swift */,
				887BEFD128CFA7AE0029695E /* StructView.swift */,
			);
			path = ProjetoAlvo;
			sourceTree = "<group>";
		};
		888E496228CA6F7F0005EEAF /* Preview Content */ = {
			isa = PBXGroup;
			children = (
				888E496328CA6F7F0005EEAF /* Preview Assets.xcassets */,
			);
			path = "Preview Content";
			sourceTree = "<group>";
		};
/* End PBXGroup section */

/* Begin PBXNativeTarget section */
		888E495828CA6F7E0005EEAF /* ProjetoAlvo */ = {
			isa = PBXNativeTarget;
			buildConfigurationList = 888E496C28CA6F7F0005EEAF /* Build configuration list for PBXNativeTarget "ProjetoAlvo" */;
			buildPhases = (
				888E495528CA6F7E0005EEAF /* Sources */,
				888E495628CA6F7E0005EEAF /* Frameworks */,
				888E495728CA6F7E0005EEAF /* Resources */,
			);
			buildRules = (
			);
			dependencies = (
			);
			name = ProjetoAlvo;
			productName = ProjetoAlvo;
			productReference = 888E495928CA6F7F0005EEAF /* ProjetoAlvo.app */;
			productType = "com.apple.product-type.application";
		};
/* End PBXNativeTarget section */

/* Begin PBXProject section */
		888E495128CA6F7E0005EEAF /* Project object */ = {
			isa = PBXProject;
			attributes = {
				BuildIndependentTargetsInParallel = 1;
				LastSwiftUpdateCheck = 1340;
				LastUpgradeCheck = 1340;
				TargetAttributes = {
					888E495828CA6F7E0005EEAF = {
						CreatedOnToolsVersion = 13.4.1;
					};
				};
			};
			buildConfigurationList = 888E495428CA6F7E0005EEAF /* Build configuration list for PBXProject "ProjetoAlvo" */;
			compatibilityVersion = "Xcode 13.0";
			developmentRegion = en;
			hasScannedForEncodings = 0;
			knownRegions = (
				en,
				Base,
			);
			mainGroup = 888E495028CA6F7E0005EEAF;
			productRefGroup = 888E495A28CA6F7F0005EEAF /* Products */;
			projectDirPath = "";
			projectRoot = "";
			targets = (
				888E495828CA6F7E0005EEAF /* ProjetoAlvo */,
			);
		};
/* End PBXProject section */

/* Begin PBXResourcesBuildPhase section */
		888E495728CA6F7E0005EEAF /* Resources */ = {
			isa = PBXResourcesBuildPhase;
			buildActionMask = 2147483647;
			files = (
				888E496428CA6F7F0005EEAF /* Preview Assets.xcassets in Resources */,
				888E496128CA6F7F0005EEAF /* Assets.xcassets in Resources */,
			);
			runOnlyForDeploymentPostprocessing = 0;
		};
/* End PBXResourcesBuildPhase section */

/* Begin PBXSourcesBuildPhase section */
		888E495528CA6F7E0005EEAF /* Sources */ = {
			isa = PBXSourcesBuildPhase;
			buildActionMask = 2147483647;
			files = (
				887BEFD428CFC2340029695E /* SecondView.swift in Sources */,
				888E496628CA6F7F0005EEAF /* Persistence.swift in Sources */,
				887D058728CBB53F003D170C /* Game.swift in Sources */,
				888E496928CA6F7F0005EEAF /* ProjetoAlvo.xcdatamodeld in Sources */,
				888E495F28CA6F7F0005EEAF /* ContentView.swift in Sources */,
				888E495D28CA6F7F0005EEAF /* ProjetoAlvoApp.swift in Sources */,
				887BEFD228CFA7AE0029695E /* StructView.swift in Sources */,
			);
			runOnlyForDeploymentPostprocessing = 0;
		};
/* End PBXSourcesBuildPhase section */

/* Begin XCBuildConfiguration section */
		888E496A28CA6F7F0005EEAF /* Debug */ = {
			isa = XCBuildConfiguration;
			buildSettings = {
				ALWAYS_SEARCH_USER_PATHS = NO;
				CLANG_ANALYZER_NONNULL = YES;
				CLANG_ANALYZER_NUMBER_OBJECT_CONVERSION = YES_AGGRESSIVE;
				CLANG_CXX_LANGUAGE_STANDARD = "gnu++17";
				CLANG_ENABLE_MODULES = YES;
				CLANG_ENABLE_OBJC_ARC = YES;
				CLANG_ENABLE_OBJC_WEAK = YES;
				CLANG_WARN_BLOCK_CAPTURE_AUTORELEASING = YES;
				CLANG_WARN_BOOL_CONVERSION = YES;
				CLANG_WARN_COMMA = YES;
				CLANG_WARN_CONSTANT_CONVERSION = YES;
				CLANG_WARN_DEPRECATED_OBJC_IMPLEMENTATIONS = YES;
				CLANG_WARN_DIRECT_OBJC_ISA_USAGE = YES_ERROR;
				CLANG_WARN_DOCUMENTATION_COMMENTS = YES;
				CLANG_WARN_EMPTY_BODY = YES;
				CLANG_WARN_ENUM_CONVERSION = YES;
				CLANG_WARN_INFINITE_RECURSION = YES;
				CLANG_WARN_INT_CONVERSION = YES;
				CLANG_WARN_NON_LITERAL_NULL_CONVERSION = YES;
				CLANG_WARN_OBJC_IMPLICIT_RETAIN_SELF = YES;
				CLANG_WARN_OBJC_LITERAL_CONVERSION = YES;
				CLANG_WARN_OBJC_ROOT_CLASS = YES_ERROR;
				CLANG_WARN_QUOTED_INCLUDE_IN_FRAMEWORK_HEADER = YES;
				CLANG_WARN_RANGE_LOOP_ANALYSIS = YES;
				CLANG_WARN_STRICT_PROTOTYPES = YES;
				CLANG_WARN_SUSPICIOUS_MOVE = YES;
				CLANG_WARN_UNGUARDED_AVAILABILITY = YES_AGGRESSIVE;
				CLANG_WARN_UNREACHABLE_CODE = YES;
				CLANG_WARN__DUPLICATE_METHOD_MATCH = YES;
				COPY_PHASE_STRIP = NO;
				DEBUG_INFORMATION_FORMAT = dwarf;
				ENABLE_STRICT_OBJC_MSGSEND = YES;
				ENABLE_TESTABILITY = YES;
				GCC_C_LANGUAGE_STANDARD = gnu11;
				GCC_DYNAMIC_NO_PIC = NO;
				GCC_NO_COMMON_BLOCKS = YES;
				GCC_OPTIMIZATION_LEVEL = 0;
				GCC_PREPROCESSOR_DEFINITIONS = (
					"DEBUG=1",
					"$(inherited)",
				);
				GCC_WARN_64_TO_32_BIT_CONVERSION = YES;
				GCC_WARN_ABOUT_RETURN_TYPE = YES_ERROR;
				GCC_WARN_UNDECLARED_SELECTOR = YES;
				GCC_WARN_UNINITIALIZED_AUTOS = YES_AGGRESSIVE;
				GCC_WARN_UNUSED_FUNCTION = YES;
				GCC_WARN_UNUSED_VARIABLE = YES;
				IPHONEOS_DEPLOYMENT_TARGET = 15.5;
				MTL_ENABLE_DEBUG_INFO = INCLUDE_SOURCE;
				MTL_FAST_MATH = YES;
				ONLY_ACTIVE_ARCH = YES;
				SDKROOT = iphoneos;
				SWIFT_ACTIVE_COMPILATION_CONDITIONS = DEBUG;
				SWIFT_OPTIMIZATION_LEVEL = "-Onone";
			};
			name = Debug;
		};
		888E496B28CA6F7F0005EEAF /* Release */ = {
			isa = XCBuildConfiguration;
			buildSettings = {
				ALWAYS_SEARCH_USER_PATHS = NO;
				CLANG_ANALYZER_NONNULL = YES;
				CLANG_ANALYZER_NUMBER_OBJECT_CONVERSION = YES_AGGRESSIVE;
				CLANG_CXX_LANGUAGE_STANDARD = "gnu++17";
				CLANG_ENABLE_MODULES = YES;
				CLANG_ENABLE_OBJC_ARC = YES;
				CLANG_ENABLE_OBJC_WEAK = YES;
				CLANG_WARN_BLOCK_CAPTURE_AUTORELEASING = YES;
				CLANG_WARN_BOOL_CONVERSION = YES;
				CLANG_WARN_COMMA = YES;
				CLANG_WARN_CONSTANT_CONVERSION = YES;
				CLANG_WARN_DEPRECATED_OBJC_IMPLEMENTATIONS = YES;
				CLANG_WARN_DIRECT_OBJC_ISA_USAGE = YES_ERROR;
				CLANG_WARN_DOCUMENTATION_COMMENTS = YES;
				CLANG_WARN_EMPTY_BODY = YES;
				CLANG_WARN_ENUM_CONVERSION = YES;
				CLANG_WARN_INFINITE_RECURSION = YES;
				CLANG_WARN_INT_CONVERSION = YES;
				CLANG_WARN_NON_LITERAL_NULL_CONVERSION = YES;
				CLANG_WARN_OBJC_IMPLICIT_RETAIN_SELF = YES;
				CLANG_WARN_OBJC_LITERAL_CONVERSION = YES;
				CLANG_WARN_OBJC_ROOT_CLASS = YES_ERROR;
				CLANG_WARN_QUOTED_INCLUDE_IN_FRAMEWORK_HEADER = YES;
				CLANG_WARN_RANGE_LOOP_ANALYSIS = YES;
				CLANG_WARN_STRICT_PROTOTYPES = YES;
				CLANG_WARN_SUSPICIOUS_MOVE = YES;
				CLANG_WARN_UNGUARDED_AVAILABILITY = YES_AGGRESSIVE;
				CLANG_WARN_UNREACHABLE_CODE = YES;
				CLANG_WARN__DUPLICATE_METHOD_MATCH = YES;
				COPY_PHASE_STRIP = NO;
				DEBUG_INFORMATION_FORMAT = "dwarf-with-dsym";
				ENABLE_NS_ASSERTIONS = NO;
				ENABLE_STRICT_OBJC_MSGSEND = YES;
				GCC_C_LANGUAGE_STANDARD = gnu11;
				GCC_NO_COMMON_BLOCKS = YES;
				GCC_WARN_64_TO_32_BIT_CONVERSION = YES;
				GCC_WARN_ABOUT_RETURN_TYPE = YES_ERROR;
				GCC_WARN_UNDECLARED_SELECTOR = YES;
				GCC_WARN_UNINITIALIZED_AUTOS = YES_AGGRESSIVE;
				GCC_WARN_UNUSED_FUNCTION = YES;
				GCC_WARN_UNUSED_VARIABLE = YES;
				IPHONEOS_DEPLOYMENT_TARGET = 15.5;
				MTL_ENABLE_DEBUG_INFO = NO;
				MTL_FAST_MATH = YES;
				SDKROOT = iphoneos;
				SWIFT_COMPILATION_MODE = wholemodule;
				SWIFT_OPTIMIZATION_LEVEL = "-O";
				VALIDATE_PRODUCT = YES;
			};
			name = Release;
		};
		888E496D28CA6F7F0005EEAF /* Debug */ = {
			isa = XCBuildConfiguration;
			buildSettings = {
				ASSETCATALOG_COMPILER_APPICON_NAME = AppIcon;
				ASSETCATALOG_COMPILER_GLOBAL_ACCENT_COLOR_NAME = AccentColor;
				CODE_SIGN_STYLE = Automatic;
				CURRENT_PROJECT_VERSION = 1;
				DEVELOPMENT_ASSET_PATHS = "\"ProjetoAlvo/Preview Content\"";
				ENABLE_PREVIEWS = YES;
				GENERATE_INFOPLIST_FILE = YES;
				INFOPLIST_KEY_UIApplicationSceneManifest_Generation = YES;
				INFOPLIST_KEY_UIApplicationSupportsIndirectInputEvents = YES;
				INFOPLIST_KEY_UILaunchScreen_Generation = YES;
				INFOPLIST_KEY_UISupportedInterfaceOrientations_iPad = "UIInterfaceOrientationPortrait UIInterfaceOrientationPortraitUpsideDown UIInterfaceOrientationLandscapeLeft UIInterfaceOrientationLandscapeRight";
				INFOPLIST_KEY_UISupportedInterfaceOrientations_iPhone = "UIInterfaceOrientationPortrait UIInterfaceOrientationLandscapeLeft UIInterfaceOrientationLandscapeRight";
				LD_RUNPATH_SEARCH_PATHS = (
					"$(inherited)",
					"@executable_path/Frameworks",
				);
				MARKETING_VERSION = 1.0;
				PRODUCT_BUNDLE_IDENTIFIER = br.com.dev.ProjetoAlvo;
				PRODUCT_NAME = "$(TARGET_NAME)";
				SWIFT_EMIT_LOC_STRINGS = YES;
				SWIFT_VERSION = 5.0;
				TARGETED_DEVICE_FAMILY = "1,2";
			};
			name = Debug;
		};
		888E496E28CA6F7F0005EEAF /* Release */ = {
			isa = XCBuildConfiguration;
			buildSettings = {
				ASSETCATALOG_COMPILER_APPICON_NAME = AppIcon;
				ASSETCATALOG_COMPILER_GLOBAL_ACCENT_COLOR_NAME = AccentColor;
				CODE_SIGN_STYLE = Automatic;
				CURRENT_PROJECT_VERSION = 1;
				DEVELOPMENT_ASSET_PATHS = "\"ProjetoAlvo/Preview Content\"";
				ENABLE_PREVIEWS = YES;
				GENERATE_INFOPLIST_FILE = YES;
				INFOPLIST_KEY_UIApplicationSceneManifest_Generation = YES;
				INFOPLIST_KEY_UIApplicationSupportsIndirectInputEvents = YES;
				INFOPLIST_KEY_UILaunchScreen_Generation = YES;
				INFOPLIST_KEY_UISupportedInterfaceOrientations_iPad = "UIInterfaceOrientationPortrait UIInterfaceOrientationPortraitUpsideDown UIInterfaceOrientationLandscapeLeft UIInterfaceOrientationLandscapeRight";
				INFOPLIST_KEY_UISupportedInterfaceOrientations_iPhone = "UIInterfaceOrientationPortrait UIInterfaceOrientationLandscapeLeft UIInterfaceOrientationLandscapeRight";
				LD_RUNPATH_SEARCH_PATHS = (
					"$(inherited)",
					"@executable_path/Frameworks",
				);
				MARKETING_VERSION = 1.0;
				PRODUCT_BUNDLE_IDENTIFIER = br.com.dev.ProjetoAlvo;
				PRODUCT_NAME = "$(TARGET_NAME)";
				SWIFT_EMIT_LOC_STRINGS = YES;
				SWIFT_VERSION = 5.0;
				TARGETED_DEVICE_FAMILY = "1,2";
			};
			name = Release;
		};
/* End XCBuildConfiguration section */

/* Begin XCConfigurationList section */
		888E495428CA6F7E0005EEAF /* Build configuration list for PBXProject "ProjetoAlvo" */ = {
			isa = XCConfigurationList;
			buildConfigurations = (
				888E496A28CA6F7F0005EEAF /* Debug */,
				888E496B28CA6F7F0005EEAF /* Release */,
			);
			defaultConfigurationIsVisible = 0;
			defaultConfigurationName = Release;
		};
		888E496C28CA6F7F0005EEAF /* Build configuration list for PBXNativeTarget "ProjetoAlvo" */ = {
			isa = XCConfigurationList;
			buildConfigurations = (
				888E496D28CA6F7F0005EEAF /* Debug */,
				888E496E28CA6F7F0005EEAF /* Release */,
			);
			defaultConfigurationIsVisible = 0;
			defaultConfigurationName = Release;
		};
/* End XCConfigurationList section */

/* Begin XCVersionGroup section */
		888E496728CA6F7F0005EEAF /* ProjetoAlvo.xcdatamodeld */ = {
			isa = XCVersionGroup;
			children = (
				888E496828CA6F7F0005EEAF /* ProjetoAlvo.xcdatamodel */,
			);
			currentVersion = 888E496828CA6F7F0005EEAF /* ProjetoAlvo.xcdatamodel */;
			path = ProjetoAlvo.xcdatamodeld;
			sourceTree = "<group>";
			versionGroupType = wrapper.xcdatamodel;
		};
/* End XCVersionGroup section */
	};
	rootObject = 888E495128CA6F7E0005EEAF /* Project object */;
}
